
Microsoft Visual Studio Solution File, Format Version 12.00
# Visual Studio Version 17
VisualStudioVersion = 17.2.32630.192
MinimumVisualStudioVersion = 10.0.40219.1
Project("{FAE04EC0-301F-11D3-BF4B-00C04F79EFBC}") = "DemoLibrary", "LibraryApp\DemoLibrary.csproj", "{FBDCECBA-8CBC-42E7-AC60-CA6F0D352095}"
EndProject
Project("{FAE04EC0-301F-11D3-BF4B-00C04F79EFBC}") = "TestApp", "TestApp\TestApp.csproj", "{18A785E1-4E0D-4EFE-87E4-8318DC866722}"
EndProject
Global
	GlobalSection(SolutionConfigurationPlatforms) = preSolution
		Debug|Any CPU = Debug|Any CPU
		Release|Any CPU = Release|Any CPU
	EndGlobalSection
	GlobalSection(ProjectConfigurationPlatforms) = postSolution
		{FBDCECBA-8CBC-42E7-AC60-CA6F0D352095}.Debug|Any CPU.ActiveCfg = Debug|Any CPU
		{FBDCECBA-8CBC-42E7-AC60-CA6F0D352095}.Debug|Any CPU.Build.0 = Debug|Any CPU
		{FBDCECBA-8CBC-42E7-AC60-CA6F0D352095}.Release|Any CPU.ActiveCfg = Release|Any CPU
		{FBDCECBA-8CBC-42E7-AC60-CA6F0D352095}.Release|Any CPU.Build.0 = Release|Any CPU
		{18A785E1-4E0D-4EFE-87E4-8318DC866722}.Debug|Any CPU.ActiveCfg = Debug|Any CPU
		{18A785E1-4E0D-4EFE-87E4-8318DC866722}.Debug|Any CPU.Build.0 = Debug|Any CPU
		{18A785E1-4E0D-4EFE-87E4-8318DC866722}.Release|Any CPU.ActiveCfg = Release|Any CPU
		{18A785E1-4E0D-4EFE-87E4-8318DC866722}.Release|Any CPU.Build.0 = Release|Any CPU
	EndGlobalSection
	GlobalSection(SolutionProperties) = preSolution
		HideSolutionNode = FALSE
	EndGlobalSection
	GlobalSection(ExtensibilityGlobals) = postSolution
		SolutionGuid = {35E31DFD-FEAC-412A-A2E6-43ED5A017909}
	EndGlobalSection
EndGlobal
