
Microsoft Visual Studio Solution File, Format Version 12.00
# Visual Studio Version 17
VisualStudioVersion = 17.2.32630.192
MinimumVisualStudioVersion = 10.0.40219.1
Project("{FAE04EC0-301F-11D3-BF4B-00C04F79EFBC}") = "Product", "ShopingLibrary\Product.csproj", "{9091E86E-0089-4B97-AAC2-7578413F5E42}"
EndProject
Project("{FAE04EC0-301F-11D3-BF4B-00C04F79EFBC}") = "ShopingTestApp", "ShopingTestApp\ShopingTestApp.csproj", "{327D9638-9CA1-468C-8705-1F0583769165}"
EndProject
Global
	GlobalSection(SolutionConfigurationPlatforms) = preSolution
		Debug|Any CPU = Debug|Any CPU
		Release|Any CPU = Release|Any CPU
	EndGlobalSection
	GlobalSection(ProjectConfigurationPlatforms) = postSolution
		{9091E86E-0089-4B97-AAC2-7578413F5E42}.Debug|Any CPU.ActiveCfg = Debug|Any CPU
		{9091E86E-0089-4B97-AAC2-7578413F5E42}.Debug|Any CPU.Build.0 = Debug|Any CPU
		{9091E86E-0089-4B97-AAC2-7578413F5E42}.Release|Any CPU.ActiveCfg = Release|Any CPU
		{9091E86E-0089-4B97-AAC2-7578413F5E42}.Release|Any CPU.Build.0 = Release|Any CPU
		{327D9638-9CA1-468C-8705-1F0583769165}.Debug|Any CPU.ActiveCfg = Debug|Any CPU
		{327D9638-9CA1-468C-8705-1F0583769165}.Debug|Any CPU.Build.0 = Debug|Any CPU
		{327D9638-9CA1-468C-8705-1F0583769165}.Release|Any CPU.ActiveCfg = Release|Any CPU
		{327D9638-9CA1-468C-8705-1F0583769165}.Release|Any CPU.Build.0 = Release|Any CPU
	EndGlobalSection
	GlobalSection(SolutionProperties) = preSolution
		HideSolutionNode = FALSE
	EndGlobalSection
	GlobalSection(ExtensibilityGlobals) = postSolution
		SolutionGuid = {1613D2FE-BF55-45CF-A28D-ABE118F22100}
	EndGlobalSection
EndGlobal
