
Microsoft Visual Studio Solution File, Format Version 12.00
# Visual Studio Version 17
VisualStudioVersion = 17.2.32630.192
MinimumVisualStudioVersion = 10.0.40219.1
Project("{FAE04EC0-301F-11D3-BF4B-00C04F79EFBC}") = "ShopingLib", "ShopingLib\ShopingLib.csproj", "{33456B48-9F72-4B55-ACE4-5547111C26D1}"
EndProject
Global
	GlobalSection(SolutionConfigurationPlatforms) = preSolution
		Debug|Any CPU = Debug|Any CPU
		Release|Any CPU = Release|Any CPU
	EndGlobalSection
	GlobalSection(ProjectConfigurationPlatforms) = postSolution
		{33456B48-9F72-4B55-ACE4-5547111C26D1}.Debug|Any CPU.ActiveCfg = Debug|Any CPU
		{33456B48-9F72-4B55-ACE4-5547111C26D1}.Debug|Any CPU.Build.0 = Debug|Any CPU
		{33456B48-9F72-4B55-ACE4-5547111C26D1}.Release|Any CPU.ActiveCfg = Release|Any CPU
		{33456B48-9F72-4B55-ACE4-5547111C26D1}.Release|Any CPU.Build.0 = Release|Any CPU
	EndGlobalSection
	GlobalSection(SolutionProperties) = preSolution
		HideSolutionNode = FALSE
	EndGlobalSection
	GlobalSection(ExtensibilityGlobals) = postSolution
		SolutionGuid = {964FE634-7AAC-463F-9648-6C6AC6FC5592}
	EndGlobalSection
EndGlobal
